// !$*UTF8*$!
{
	archiveVersion = 1;
	classes = {
	};
	objectVersion = 56;
	objects = {

/* Begin PBXBuildFile section */
		928C9D17296AD94D00F6C2BF /* AppDelegate.swift in Sources */ = {isa = PBXBuildFile; fileRef = 928C9D16296AD94D00F6C2BF /* AppDelegate.swift */; };
		928C9D19296AD94D00F6C2BF /* SceneDelegate.swift in Sources */ = {isa = PBXBuildFile; fileRef = 928C9D18296AD94D00F6C2BF /* SceneDelegate.swift */; };
		928C9D1B296AD94D00F6C2BF /* HomeViewController.swift in Sources */ = {isa = PBXBuildFile; fileRef = 928C9D1A296AD94D00F6C2BF /* HomeViewController.swift */; };
		928C9D1E296AD94D00F6C2BF /* Main.storyboard in Resources */ = {isa = PBXBuildFile; fileRef = 928C9D1C296AD94D00F6C2BF /* Main.storyboard */; };
		928C9D21296AD94D00F6C2BF /* ToDoListApp1.xcdatamodeld in Sources */ = {isa = PBXBuildFile; fileRef = 928C9D1F296AD94D00F6C2BF /* ToDoListApp1.xcdatamodeld */; };
		928C9D23296AD94F00F6C2BF /* Assets.xcassets in Resources */ = {isa = PBXBuildFile; fileRef = 928C9D22296AD94F00F6C2BF /* Assets.xcassets */; };
		928C9D26296AD94F00F6C2BF /* LaunchScreen.storyboard in Resources */ = {isa = PBXBuildFile; fileRef = 928C9D24296AD94F00F6C2BF /* LaunchScreen.storyboard */; };
		928C9D2E296ADA2A00F6C2BF /* HomeTableViewCell.swift in Sources */ = {isa = PBXBuildFile; fileRef = 928C9D2D296ADA2A00F6C2BF /* HomeTableViewCell.swift */; };
		928D9133297844390060439D /* CoreDataManager.swift in Sources */ = {isa = PBXBuildFile; fileRef = 928D9132297844390060439D /* CoreDataManager.swift */; };
		928D9135297849480060439D /* Todo.swift in Sources */ = {isa = PBXBuildFile; fileRef = 928D9134297849480060439D /* Todo.swift */; };
		92AD697E296C3049009B904E /* NoteViewController.swift in Sources */ = {isa = PBXBuildFile; fileRef = 92AD697D296C3049009B904E /* NoteViewController.swift */; };
		92AD6980296C320F009B904E /* color.swift in Sources */ = {isa = PBXBuildFile; fileRef = 92AD697F296C320F009B904E /* color.swift */; };
		92AD698C296C8DCA009B904E /* CreatingCollectionViewCell.swift in Sources */ = {isa = PBXBuildFile; fileRef = 92AD698B296C8DCA009B904E /* CreatingCollectionViewCell.swift */; };
		92AD698F296D7A10009B904E /* ListViewController.swift in Sources */ = {isa = PBXBuildFile; fileRef = 92AD698E296D7A10009B904E /* ListViewController.swift */; };
		92DE6B3B296DC44500134DAD /* PresentTransation.swift in Sources */ = {isa = PBXBuildFile; fileRef = 92DE6B3A296DC44500134DAD /* PresentTransation.swift */; };
		92DE6B3D296DC45200134DAD /* DismissTransation.swift in Sources */ = {isa = PBXBuildFile; fileRef = 92DE6B3C296DC45200134DAD /* DismissTransation.swift */; };
		92DE6B49296EAF3D00134DAD /* PopUpViewController.swift in Sources */ = {isa = PBXBuildFile; fileRef = 92DE6B48296EAF3D00134DAD /* PopUpViewController.swift */; };
		92DE6B51296EB63C00134DAD /* PopUpForListVC.swift in Sources */ = {isa = PBXBuildFile; fileRef = 92DE6B50296EB63C00134DAD /* PopUpForListVC.swift */; };
		92DE6B54296EC14700134DAD /* TaskDetailViewController.swift in Sources */ = {isa = PBXBuildFile; fileRef = 92DE6B53296EC14700134DAD /* TaskDetailViewController.swift */; };
		92DE6B56296ED45200134DAD /* ListTableViewCell.swift in Sources */ = {isa = PBXBuildFile; fileRef = 92DE6B55296ED45200134DAD /* ListTableViewCell.swift */; };
		CB9D71362994088A00BE520B /* HomeViewModel.swift in Sources */ = {isa = PBXBuildFile; fileRef = CB9D71352994088A00BE520B /* HomeViewModel.swift */; };
		CB9D71392994126500BE520B /* AddNoteViewModel.swift in Sources */ = {isa = PBXBuildFile; fileRef = CB9D71382994126500BE520B /* AddNoteViewModel.swift */; };
/* End PBXBuildFile section */

/* Begin PBXFileReference section */
		928C9D13296AD94D00F6C2BF /* ToDoListApp1.app */ = {isa = PBXFileReference; explicitFileType = wrapper.application; includeInIndex = 0; path = ToDoListApp1.app; sourceTree = BUILT_PRODUCTS_DIR; };
		928C9D16296AD94D00F6C2BF /* AppDelegate.swift */ = {isa = PBXFileReference; lastKnownFileType = sourcecode.swift; path = AppDelegate.swift; sourceTree = "<group>"; };
		928C9D18296AD94D00F6C2BF /* SceneDelegate.swift */ = {isa = PBXFileReference; lastKnownFileType = sourcecode.swift; path = SceneDelegate.swift; sourceTree = "<group>"; };
		928C9D1A296AD94D00F6C2BF /* HomeViewController.swift */ = {isa = PBXFileReference; lastKnownFileType = sourcecode.swift; path = HomeViewController.swift; sourceTree = "<group>"; };
		928C9D1D296AD94D00F6C2BF /* Base */ = {isa = PBXFileReference; lastKnownFileType = file.storyboard; name = Base; path = Base.lproj/Main.storyboard; sourceTree = "<group>"; };
		928C9D20296AD94D00F6C2BF /* ToDoListApp1.xcdatamodel */ = {isa = PBXFileReference; lastKnownFileType = wrapper.xcdatamodel; path = ToDoListApp1.xcdatamodel; sourceTree = "<group>"; };
		928C9D22296AD94F00F6C2BF /* Assets.xcassets */ = {isa = PBXFileReference; lastKnownFileType = folder.assetcatalog; path = Assets.xcassets; sourceTree = "<group>"; };
		928C9D25296AD94F00F6C2BF /* Base */ = {isa = PBXFileReference; lastKnownFileType = file.storyboard; name = Base; path = Base.lproj/LaunchScreen.storyboard; sourceTree = "<group>"; };
		928C9D27296AD94F00F6C2BF /* Info.plist */ = {isa = PBXFileReference; lastKnownFileType = text.plist.xml; path = Info.plist; sourceTree = "<group>"; };
		928C9D2D296ADA2A00F6C2BF /* HomeTableViewCell.swift */ = {isa = PBXFileReference; lastKnownFileType = sourcecode.swift; path = HomeTableViewCell.swift; sourceTree = "<group>"; };
		928D9132297844390060439D /* CoreDataManager.swift */ = {isa = PBXFileReference; lastKnownFileType = sourcecode.swift; path = CoreDataManager.swift; sourceTree = "<group>"; };
		928D9134297849480060439D /* Todo.swift */ = {isa = PBXFileReference; lastKnownFileType = sourcecode.swift; path = Todo.swift; sourceTree = "<group>"; };
		92AD697D296C3049009B904E /* NoteViewController.swift */ = {isa = PBXFileReference; lastKnownFileType = sourcecode.swift; path = NoteViewController.swift; sourceTree = "<group>"; };
		92AD697F296C320F009B904E /* color.swift */ = {isa = PBXFileReference; lastKnownFileType = sourcecode.swift; path = color.swift; sourceTree = "<group>"; };
		92AD698B296C8DCA009B904E /* CreatingCollectionViewCell.swift */ = {isa = PBXFileReference; lastKnownFileType = sourcecode.swift; path = CreatingCollectionViewCell.swift; sourceTree = "<group>"; };
		92AD698E296D7A10009B904E /* ListViewController.swift */ = {isa = PBXFileReference; lastKnownFileType = sourcecode.swift; path = ListViewController.swift; sourceTree = "<group>"; };
		92DE6B3A296DC44500134DAD /* PresentTransation.swift */ = {isa = PBXFileReference; lastKnownFileType = sourcecode.swift; path = PresentTransation.swift; sourceTree = "<group>"; };
		92DE6B3C296DC45200134DAD /* DismissTransation.swift */ = {isa = PBXFileReference; lastKnownFileType = sourcecode.swift; path = DismissTransation.swift; sourceTree = "<group>"; };
		92DE6B48296EAF3D00134DAD /* PopUpViewController.swift */ = {isa = PBXFileReference; lastKnownFileType = sourcecode.swift; path = PopUpViewController.swift; sourceTree = "<group>"; };
		92DE6B50296EB63C00134DAD /* PopUpForListVC.swift */ = {isa = PBXFileReference; lastKnownFileType = sourcecode.swift; path = PopUpForListVC.swift; sourceTree = "<group>"; };
		92DE6B53296EC14700134DAD /* TaskDetailViewController.swift */ = {isa = PBXFileReference; lastKnownFileType = sourcecode.swift; path = TaskDetailViewController.swift; sourceTree = "<group>"; };
		92DE6B55296ED45200134DAD /* ListTableViewCell.swift */ = {isa = PBXFileReference; lastKnownFileType = sourcecode.swift; path = ListTableViewCell.swift; sourceTree = "<group>"; };
		CB9D71352994088A00BE520B /* HomeViewModel.swift */ = {isa = PBXFileReference; lastKnownFileType = sourcecode.swift; path = HomeViewModel.swift; sourceTree = "<group>"; };
		CB9D71382994126500BE520B /* AddNoteViewModel.swift */ = {isa = PBXFileReference; lastKnownFileType = sourcecode.swift; path = AddNoteViewModel.swift; sourceTree = "<group>"; };
/* End PBXFileReference section */

/* Begin PBXFrameworksBuildPhase section */
		928C9D10296AD94D00F6C2BF /* Frameworks */ = {
			isa = PBXFrameworksBuildPhase;
			buildActionMask = 2147483647;
			files = (
			);
			runOnlyForDeploymentPostprocessing = 0;
		};
/* End PBXFrameworksBuildPhase section */

/* Begin PBXGroup section */
		928C9D0A296AD94D00F6C2BF = {
			isa = PBXGroup;
			children = (
				928C9D15296AD94D00F6C2BF /* ToDoListApp1 */,
				928C9D14296AD94D00F6C2BF /* Products */,
			);
			sourceTree = "<group>";
		};
		928C9D14296AD94D00F6C2BF /* Products */ = {
			isa = PBXGroup;
			children = (
				928C9D13296AD94D00F6C2BF /* ToDoListApp1.app */,
			);
			name = Products;
			sourceTree = "<group>";
		};
		928C9D15296AD94D00F6C2BF /* ToDoListApp1 */ = {
			isa = PBXGroup;
			children = (
				CB9D7134299404B500BE520B /* Model */,
				CB9D71322994023D00BE520B /* App */,
				928D9131297844180060439D /* Database */,
				CB9D71332994027A00BE520B /* Scene */,
				92DE6B45296E1D4000134DAD /* Extensions */,
				928C9D27296AD94F00F6C2BF /* Info.plist */,
				928C9D30296ADA4400F6C2BF /* Helpers */,
			);
			path = ToDoListApp1;
			sourceTree = "<group>";
		};
		928C9D2F296ADA3C00F6C2BF /* Home */ = {
			isa = PBXGroup;
			children = (
				CB9D71352994088A00BE520B /* HomeViewModel.swift */,
				928C9D1A296AD94D00F6C2BF /* HomeViewController.swift */,
				92DE6B3E296DCA4E00134DAD /* PopUp */,
				928C9D2D296ADA2A00F6C2BF /* HomeTableViewCell.swift */,
				92DE6B39296DC42B00134DAD /* PresentTransition */,
			);
			path = Home;
			sourceTree = "<group>";
		};
		928C9D30296ADA4400F6C2BF /* Helpers */ = {
			isa = PBXGroup;
			children = (
				928C9D1C296AD94D00F6C2BF /* Main.storyboard */,
				928C9D22296AD94F00F6C2BF /* Assets.xcassets */,
				928C9D24296AD94F00F6C2BF /* LaunchScreen.storyboard */,
			);
			path = Helpers;
			sourceTree = "<group>";
		};
		928D9131297844180060439D /* Database */ = {
			isa = PBXGroup;
			children = (
				928C9D1F296AD94D00F6C2BF /* ToDoListApp1.xcdatamodeld */,
				928D9132297844390060439D /* CoreDataManager.swift */,
				928D9134297849480060439D /* Todo.swift */,
			);
			path = Database;
			sourceTree = "<group>";
		};
		928D91362978A5790060439D /* DatePicker */ = {
			isa = PBXGroup;
			children = (
			);
			path = DatePicker;
			sourceTree = "<group>";
		};
		92AD697C296C2FB5009B904E /* CreatingNote */ = {
			isa = PBXGroup;
			children = (
				928D91362978A5790060439D /* DatePicker */,
			);
			path = CreatingNote;
			sourceTree = "<group>";
		};
		92AD698D296D79EE009B904E /* List */ = {
			isa = PBXGroup;
			children = (
				92DE6B4F296EB61700134DAD /* PopUpForList */,
				92AD698E296D7A10009B904E /* ListViewController.swift */,
				92DE6B55296ED45200134DAD /* ListTableViewCell.swift */,
			);
			path = List;
			sourceTree = "<group>";
		};
		92DE6B39296DC42B00134DAD /* PresentTransition */ = {
			isa = PBXGroup;
			children = (
				92DE6B3A296DC44500134DAD /* PresentTransation.swift */,
				92DE6B3C296DC45200134DAD /* DismissTransation.swift */,
			);
			path = PresentTransition;
			sourceTree = "<group>";
		};
		92DE6B3E296DCA4E00134DAD /* PopUp */ = {
			isa = PBXGroup;
			children = (
				92DE6B48296EAF3D00134DAD /* PopUpViewController.swift */,
			);
			path = PopUp;
			sourceTree = "<group>";
		};
		92DE6B45296E1D4000134DAD /* Extensions */ = {
			isa = PBXGroup;
			children = (
				92AD697F296C320F009B904E /* color.swift */,
			);
			path = Extensions;
			sourceTree = "<group>";
		};
		92DE6B4F296EB61700134DAD /* PopUpForList */ = {
			isa = PBXGroup;
			children = (
				92DE6B50296EB63C00134DAD /* PopUpForListVC.swift */,
			);
			path = PopUpForList;
			sourceTree = "<group>";
		};
		92DE6B52296EC13000134DAD /* TaskDetail */ = {
			isa = PBXGroup;
			children = (
				92DE6B53296EC14700134DAD /* TaskDetailViewController.swift */,
			);
			path = TaskDetail;
			sourceTree = "<group>";
		};
		CB9D71322994023D00BE520B /* App */ = {
			isa = PBXGroup;
			children = (
				928C9D16296AD94D00F6C2BF /* AppDelegate.swift */,
				928C9D18296AD94D00F6C2BF /* SceneDelegate.swift */,
			);
			path = App;
			sourceTree = "<group>";
		};
		CB9D71332994027A00BE520B /* Scene */ = {
			isa = PBXGroup;
			children = (
				CB9D71372994123C00BE520B /* Note */,
				928C9D2F296ADA3C00F6C2BF /* Home */,
				92AD697C296C2FB5009B904E /* CreatingNote */,
				92AD698D296D79EE009B904E /* List */,
				92DE6B52296EC13000134DAD /* TaskDetail */,
			);
			path = Scene;
			sourceTree = "<group>";
		};
		CB9D7134299404B500BE520B /* Model */ = {
			isa = PBXGroup;
			children = (
			);
			path = Model;
			sourceTree = "<group>";
		};
		CB9D71372994123C00BE520B /* Note */ = {
			isa = PBXGroup;
			children = (
				CB9D71382994126500BE520B /* AddNoteViewModel.swift */,
				92AD697D296C3049009B904E /* NoteViewController.swift */,
				CB9D713A2994129600BE520B /* Cell */,
			);
			path = Note;
			sourceTree = "<group>";
		};
		CB9D713A2994129600BE520B /* Cell */ = {
			isa = PBXGroup;
			children = (
				92AD698B296C8DCA009B904E /* CreatingCollectionViewCell.swift */,
			);
			path = Cell;
			sourceTree = "<group>";
		};
/* End PBXGroup section */

/* Begin PBXNativeTarget section */
		928C9D12296AD94D00F6C2BF /* ToDoListApp1 */ = {
			isa = PBXNativeTarget;
			buildConfigurationList = 928C9D2A296AD94F00F6C2BF /* Build configuration list for PBXNativeTarget "ToDoListApp1" */;
			buildPhases = (
				928C9D0F296AD94D00F6C2BF /* Sources */,
				928C9D10296AD94D00F6C2BF /* Frameworks */,
				928C9D11296AD94D00F6C2BF /* Resources */,
			);
			buildRules = (
			);
			dependencies = (
			);
			name = ToDoListApp1;
			productName = ToDoListApp1;
			productReference = 928C9D13296AD94D00F6C2BF /* ToDoListApp1.app */;
			productType = "com.apple.product-type.application";
		};
/* End PBXNativeTarget section */

/* Begin PBXProject section */
		928C9D0B296AD94D00F6C2BF /* Project object */ = {
			isa = PBXProject;
			attributes = {
				BuildIndependentTargetsInParallel = 1;
				LastSwiftUpdateCheck = 1410;
				LastUpgradeCheck = 1410;
				TargetAttributes = {
					928C9D12296AD94D00F6C2BF = {
						CreatedOnToolsVersion = 14.1;
					};
				};
			};
			buildConfigurationList = 928C9D0E296AD94D00F6C2BF /* Build configuration list for PBXProject "ToDoListApp1" */;
			compatibilityVersion = "Xcode 14.0";
			developmentRegion = en;
			hasScannedForEncodings = 0;
			knownRegions = (
				en,
				Base,
			);
			mainGroup = 928C9D0A296AD94D00F6C2BF;
			productRefGroup = 928C9D14296AD94D00F6C2BF /* Products */;
			projectDirPath = "";
			projectRoot = "";
			targets = (
				928C9D12296AD94D00F6C2BF /* ToDoListApp1 */,
			);
		};
/* End PBXProject section */

/* Begin PBXResourcesBuildPhase section */
		928C9D11296AD94D00F6C2BF /* Resources */ = {
			isa = PBXResourcesBuildPhase;
			buildActionMask = 2147483647;
			files = (
				928C9D26296AD94F00F6C2BF /* LaunchScreen.storyboard in Resources */,
				928C9D23296AD94F00F6C2BF /* Assets.xcassets in Resources */,
				928C9D1E296AD94D00F6C2BF /* Main.storyboard in Resources */,
			);
			runOnlyForDeploymentPostprocessing = 0;
		};
/* End PBXResourcesBuildPhase section */

/* Begin PBXSourcesBuildPhase section */
		928C9D0F296AD94D00F6C2BF /* Sources */ = {
			isa = PBXSourcesBuildPhase;
			buildActionMask = 2147483647;
			files = (
				92DE6B54296EC14700134DAD /* TaskDetailViewController.swift in Sources */,
				CB9D71362994088A00BE520B /* HomeViewModel.swift in Sources */,
				92DE6B3B296DC44500134DAD /* PresentTransation.swift in Sources */,
				92AD6980296C320F009B904E /* color.swift in Sources */,
				92DE6B3D296DC45200134DAD /* DismissTransation.swift in Sources */,
				928C9D1B296AD94D00F6C2BF /* HomeViewController.swift in Sources */,
				928C9D2E296ADA2A00F6C2BF /* HomeTableViewCell.swift in Sources */,
				928C9D21296AD94D00F6C2BF /* ToDoListApp1.xcdatamodeld in Sources */,
				928C9D17296AD94D00F6C2BF /* AppDelegate.swift in Sources */,
				92DE6B49296EAF3D00134DAD /* PopUpViewController.swift in Sources */,
				92AD698F296D7A10009B904E /* ListViewController.swift in Sources */,
				92AD697E296C3049009B904E /* NoteViewController.swift in Sources */,
				92AD698C296C8DCA009B904E /* CreatingCollectionViewCell.swift in Sources */,
				92DE6B51296EB63C00134DAD /* PopUpForListVC.swift in Sources */,
				928C9D19296AD94D00F6C2BF /* SceneDelegate.swift in Sources */,
				928D9133297844390060439D /* CoreDataManager.swift in Sources */,
				928D9135297849480060439D /* Todo.swift in Sources */,
				92DE6B56296ED45200134DAD /* ListTableViewCell.swift in Sources */,
				CB9D71392994126500BE520B /* AddNoteViewModel.swift in Sources */,
			);
			runOnlyForDeploymentPostprocessing = 0;
		};
/* End PBXSourcesBuildPhase section */

/* Begin PBXVariantGroup section */
		928C9D1C296AD94D00F6C2BF /* Main.storyboard */ = {
			isa = PBXVariantGroup;
			children = (
				928C9D1D296AD94D00F6C2BF /* Base */,
			);
			name = Main.storyboard;
			sourceTree = "<group>";
		};
		928C9D24296AD94F00F6C2BF /* LaunchScreen.storyboard */ = {
			isa = PBXVariantGroup;
			children = (
				928C9D25296AD94F00F6C2BF /* Base */,
			);
			name = LaunchScreen.storyboard;
			sourceTree = "<group>";
		};
/* End PBXVariantGroup section */

/* Begin XCBuildConfiguration section */
		928C9D28296AD94F00F6C2BF /* Debug */ = {
			isa = XCBuildConfiguration;
			buildSettings = {
				ALWAYS_SEARCH_USER_PATHS = NO;
				CLANG_ANALYZER_NONNULL = YES;
				CLANG_ANALYZER_NUMBER_OBJECT_CONVERSION = YES_AGGRESSIVE;
				CLANG_CXX_LANGUAGE_STANDARD = "gnu++20";
				CLANG_ENABLE_MODULES = YES;
				CLANG_ENABLE_OBJC_ARC = YES;
				CLANG_ENABLE_OBJC_WEAK = YES;
				CLANG_WARN_BLOCK_CAPTURE_AUTORELEASING = YES;
				CLANG_WARN_BOOL_CONVERSION = YES;
				CLANG_WARN_COMMA = YES;
				CLANG_WARN_CONSTANT_CONVERSION = YES;
				CLANG_WARN_DEPRECATED_OBJC_IMPLEMENTATIONS = YES;
				CLANG_WARN_DIRECT_OBJC_ISA_USAGE = YES_ERROR;
				CLANG_WARN_DOCUMENTATION_COMMENTS = YES;
				CLANG_WARN_EMPTY_BODY = YES;
				CLANG_WARN_ENUM_CONVERSION = YES;
				CLANG_WARN_INFINITE_RECURSION = YES;
				CLANG_WARN_INT_CONVERSION = YES;
				CLANG_WARN_NON_LITERAL_NULL_CONVERSION = YES;
				CLANG_WARN_OBJC_IMPLICIT_RETAIN_SELF = YES;
				CLANG_WARN_OBJC_LITERAL_CONVERSION = YES;
				CLANG_WARN_OBJC_ROOT_CLASS = YES_ERROR;
				CLANG_WARN_QUOTED_INCLUDE_IN_FRAMEWORK_HEADER = YES;
				CLANG_WARN_RANGE_LOOP_ANALYSIS = YES;
				CLANG_WARN_STRICT_PROTOTYPES = YES;
				CLANG_WARN_SUSPICIOUS_MOVE = YES;
				CLANG_WARN_UNGUARDED_AVAILABILITY = YES_AGGRESSIVE;
				CLANG_WARN_UNREACHABLE_CODE = YES;
				CLANG_WARN__DUPLICATE_METHOD_MATCH = YES;
				COPY_PHASE_STRIP = NO;
				DEBUG_INFORMATION_FORMAT = dwarf;
				ENABLE_STRICT_OBJC_MSGSEND = YES;
				ENABLE_TESTABILITY = YES;
				GCC_C_LANGUAGE_STANDARD = gnu11;
				GCC_DYNAMIC_NO_PIC = NO;
				GCC_NO_COMMON_BLOCKS = YES;
				GCC_OPTIMIZATION_LEVEL = 0;
				GCC_PREPROCESSOR_DEFINITIONS = (
					"DEBUG=1",
					"$(inherited)",
				);
				GCC_WARN_64_TO_32_BIT_CONVERSION = YES;
				GCC_WARN_ABOUT_RETURN_TYPE = YES_ERROR;
				GCC_WARN_UNDECLARED_SELECTOR = YES;
				GCC_WARN_UNINITIALIZED_AUTOS = YES_AGGRESSIVE;
				GCC_WARN_UNUSED_FUNCTION = YES;
				GCC_WARN_UNUSED_VARIABLE = YES;
				IPHONEOS_DEPLOYMENT_TARGET = 16.1;
				MTL_ENABLE_DEBUG_INFO = INCLUDE_SOURCE;
				MTL_FAST_MATH = YES;
				ONLY_ACTIVE_ARCH = YES;
				SDKROOT = iphoneos;
				SWIFT_ACTIVE_COMPILATION_CONDITIONS = DEBUG;
				SWIFT_OPTIMIZATION_LEVEL = "-Onone";
			};
			name = Debug;
		};
		928C9D29296AD94F00F6C2BF /* Release */ = {
			isa = XCBuildConfiguration;
			buildSettings = {
				ALWAYS_SEARCH_USER_PATHS = NO;
				CLANG_ANALYZER_NONNULL = YES;
				CLANG_ANALYZER_NUMBER_OBJECT_CONVERSION = YES_AGGRESSIVE;
				CLANG_CXX_LANGUAGE_STANDARD = "gnu++20";
				CLANG_ENABLE_MODULES = YES;
				CLANG_ENABLE_OBJC_ARC = YES;
				CLANG_ENABLE_OBJC_WEAK = YES;
				CLANG_WARN_BLOCK_CAPTURE_AUTORELEASING = YES;
				CLANG_WARN_BOOL_CONVERSION = YES;
				CLANG_WARN_COMMA = YES;
				CLANG_WARN_CONSTANT_CONVERSION = YES;
				CLANG_WARN_DEPRECATED_OBJC_IMPLEMENTATIONS = YES;
				CLANG_WARN_DIRECT_OBJC_ISA_USAGE = YES_ERROR;
				CLANG_WARN_DOCUMENTATION_COMMENTS = YES;
				CLANG_WARN_EMPTY_BODY = YES;
				CLANG_WARN_ENUM_CONVERSION = YES;
				CLANG_WARN_INFINITE_RECURSION = YES;
				CLANG_WARN_INT_CONVERSION = YES;
				CLANG_WARN_NON_LITERAL_NULL_CONVERSION = YES;
				CLANG_WARN_OBJC_IMPLICIT_RETAIN_SELF = YES;
				CLANG_WARN_OBJC_LITERAL_CONVERSION = YES;
				CLANG_WARN_OBJC_ROOT_CLASS = YES_ERROR;
				CLANG_WARN_QUOTED_INCLUDE_IN_FRAMEWORK_HEADER = YES;
				CLANG_WARN_RANGE_LOOP_ANALYSIS = YES;
				CLANG_WARN_STRICT_PROTOTYPES = YES;
				CLANG_WARN_SUSPICIOUS_MOVE = YES;
				CLANG_WARN_UNGUARDED_AVAILABILITY = YES_AGGRESSIVE;
				CLANG_WARN_UNREACHABLE_CODE = YES;
				CLANG_WARN__DUPLICATE_METHOD_MATCH = YES;
				COPY_PHASE_STRIP = NO;
				DEBUG_INFORMATION_FORMAT = "dwarf-with-dsym";
				ENABLE_NS_ASSERTIONS = NO;
				ENABLE_STRICT_OBJC_MSGSEND = YES;
				GCC_C_LANGUAGE_STANDARD = gnu11;
				GCC_NO_COMMON_BLOCKS = YES;
				GCC_WARN_64_TO_32_BIT_CONVERSION = YES;
				GCC_WARN_ABOUT_RETURN_TYPE = YES_ERROR;
				GCC_WARN_UNDECLARED_SELECTOR = YES;
				GCC_WARN_UNINITIALIZED_AUTOS = YES_AGGRESSIVE;
				GCC_WARN_UNUSED_FUNCTION = YES;
				GCC_WARN_UNUSED_VARIABLE = YES;
				IPHONEOS_DEPLOYMENT_TARGET = 16.1;
				MTL_ENABLE_DEBUG_INFO = NO;
				MTL_FAST_MATH = YES;
				SDKROOT = iphoneos;
				SWIFT_COMPILATION_MODE = wholemodule;
				SWIFT_OPTIMIZATION_LEVEL = "-O";
				VALIDATE_PRODUCT = YES;
			};
			name = Release;
		};
		928C9D2B296AD94F00F6C2BF /* Debug */ = {
			isa = XCBuildConfiguration;
			buildSettings = {
				ASSETCATALOG_COMPILER_APPICON_NAME = AppIcon;
				ASSETCATALOG_COMPILER_GLOBAL_ACCENT_COLOR_NAME = AccentColor;
				CODE_SIGN_STYLE = Automatic;
				CURRENT_PROJECT_VERSION = 1;
				DEVELOPMENT_TEAM = 5Q3G9AA6B3;
				GENERATE_INFOPLIST_FILE = YES;
				INFOPLIST_FILE = ToDoListApp1/Info.plist;
				INFOPLIST_KEY_UIApplicationSupportsIndirectInputEvents = YES;
				INFOPLIST_KEY_UILaunchStoryboardName = LaunchScreen;
				INFOPLIST_KEY_UIMainStoryboardFile = Main;
				INFOPLIST_KEY_UIStatusBarStyle = "";
				INFOPLIST_KEY_UISupportedInterfaceOrientations_iPad = "UIInterfaceOrientationPortrait UIInterfaceOrientationPortraitUpsideDown UIInterfaceOrientationLandscapeLeft UIInterfaceOrientationLandscapeRight";
				INFOPLIST_KEY_UISupportedInterfaceOrientations_iPhone = "UIInterfaceOrientationPortrait UIInterfaceOrientationLandscapeLeft UIInterfaceOrientationLandscapeRight";
				LD_RUNPATH_SEARCH_PATHS = (
					"$(inherited)",
					"@executable_path/Frameworks",
				);
				MARKETING_VERSION = 1.0;
				PRODUCT_BUNDLE_IDENTIFIER = gappze.ToDoListApp1;
				PRODUCT_NAME = "$(TARGET_NAME)";
				SUPPORTED_PLATFORMS = "iphoneos iphonesimulator";
				SUPPORTS_MACCATALYST = NO;
				SUPPORTS_MAC_DESIGNED_FOR_IPHONE_IPAD = NO;
				SWIFT_EMIT_LOC_STRINGS = YES;
				SWIFT_VERSION = 5.0;
				TARGETED_DEVICE_FAMILY = "1,2";
			};
			name = Debug;
		};
		928C9D2C296AD94F00F6C2BF /* Release */ = {
			isa = XCBuildConfiguration;
			buildSettings = {
				ASSETCATALOG_COMPILER_APPICON_NAME = AppIcon;
				ASSETCATALOG_COMPILER_GLOBAL_ACCENT_COLOR_NAME = AccentColor;
				CODE_SIGN_STYLE = Automatic;
				CURRENT_PROJECT_VERSION = 1;
				DEVELOPMENT_TEAM = 5Q3G9AA6B3;
				GENERATE_INFOPLIST_FILE = YES;
				INFOPLIST_FILE = ToDoListApp1/Info.plist;
				INFOPLIST_KEY_UIApplicationSupportsIndirectInputEvents = YES;
				INFOPLIST_KEY_UILaunchStoryboardName = LaunchScreen;
				INFOPLIST_KEY_UIMainStoryboardFile = Main;
				INFOPLIST_KEY_UIStatusBarStyle = "";
				INFOPLIST_KEY_UISupportedInterfaceOrientations_iPad = "UIInterfaceOrientationPortrait UIInterfaceOrientationPortraitUpsideDown UIInterfaceOrientationLandscapeLeft UIInterfaceOrientationLandscapeRight";
				INFOPLIST_KEY_UISupportedInterfaceOrientations_iPhone = "UIInterfaceOrientationPortrait UIInterfaceOrientationLandscapeLeft UIInterfaceOrientationLandscapeRight";
				LD_RUNPATH_SEARCH_PATHS = (
					"$(inherited)",
					"@executable_path/Frameworks",
				);
				MARKETING_VERSION = 1.0;
				PRODUCT_BUNDLE_IDENTIFIER = gappze.ToDoListApp1;
				PRODUCT_NAME = "$(TARGET_NAME)";
				SUPPORTED_PLATFORMS = "iphoneos iphonesimulator";
				SUPPORTS_MACCATALYST = NO;
				SUPPORTS_MAC_DESIGNED_FOR_IPHONE_IPAD = NO;
				SWIFT_EMIT_LOC_STRINGS = YES;
				SWIFT_VERSION = 5.0;
				TARGETED_DEVICE_FAMILY = "1,2";
			};
			name = Release;
		};
/* End XCBuildConfiguration section */

/* Begin XCConfigurationList section */
		928C9D0E296AD94D00F6C2BF /* Build configuration list for PBXProject "ToDoListApp1" */ = {
			isa = XCConfigurationList;
			buildConfigurations = (
				928C9D28296AD94F00F6C2BF /* Debug */,
				928C9D29296AD94F00F6C2BF /* Release */,
			);
			defaultConfigurationIsVisible = 0;
			defaultConfigurationName = Release;
		};
		928C9D2A296AD94F00F6C2BF /* Build configuration list for PBXNativeTarget "ToDoListApp1" */ = {
			isa = XCConfigurationList;
			buildConfigurations = (
				928C9D2B296AD94F00F6C2BF /* Debug */,
				928C9D2C296AD94F00F6C2BF /* Release */,
			);
			defaultConfigurationIsVisible = 0;
			defaultConfigurationName = Release;
		};
/* End XCConfigurationList section */

/* Begin XCVersionGroup section */
		928C9D1F296AD94D00F6C2BF /* ToDoListApp1.xcdatamodeld */ = {
			isa = XCVersionGroup;
			children = (
				928C9D20296AD94D00F6C2BF /* ToDoListApp1.xcdatamodel */,
			);
			currentVersion = 928C9D20296AD94D00F6C2BF /* ToDoListApp1.xcdatamodel */;
			path = ToDoListApp1.xcdatamodeld;
			sourceTree = "<group>";
			versionGroupType = wrapper.xcdatamodel;
		};
/* End XCVersionGroup section */
	};
	rootObject = 928C9D0B296AD94D00F6C2BF /* Project object */;
}
